
Microsoft Visual Studio Solution File, Format Version 12.00
# Visual Studio Version 17
VisualStudioVersion = 17.5.33530.505
MinimumVisualStudioVersion = 10.0.40219.1
Project("{FAE04EC0-301F-11D3-BF4B-00C04F79EFBC}") = "JWTAuth", "JWTAuth\JWTAuth.csproj", "{17B7B3AA-3F43-4250-90C3-C84AC3A0C6AD}"
EndProject
Global
	GlobalSection(SolutionConfigurationPlatforms) = preSolution
		Debug|Any CPU = Debug|Any CPU
		Release|Any CPU = Release|Any CPU
	EndGlobalSection
	GlobalSection(ProjectConfigurationPlatforms) = postSolution
		{17B7B3AA-3F43-4250-90C3-C84AC3A0C6AD}.Debug|Any CPU.ActiveCfg = Debug|Any CPU
		{17B7B3AA-3F43-4250-90C3-C84AC3A0C6AD}.Debug|Any CPU.Build.0 = Debug|Any CPU
		{17B7B3AA-3F43-4250-90C3-C84AC3A0C6AD}.Release|Any CPU.ActiveCfg = Release|Any CPU
		{17B7B3AA-3F43-4250-90C3-C84AC3A0C6AD}.Release|Any CPU.Build.0 = Release|Any CPU
	EndGlobalSection
	GlobalSection(SolutionProperties) = preSolution
		HideSolutionNode = FALSE
	EndGlobalSection
	GlobalSection(ExtensibilityGlobals) = postSolution
		SolutionGuid = {D7C00A13-A2C0-4FAD-9CE5-ED96A48DC58F}
	EndGlobalSection
EndGlobal
